Microsoft Visual Studio Solution File, Format Version 12.00
# Visual Studio Version 17
VisualStudioVersion = 17.5.2.0
MinimumVisualStudioVersion = 10.0.40219.1
Project("{FAE04EC0-301F-11D3-BF4B-00C04F79EFBC}") = "BusinessAPI.Service", "Service\BusinessAPI.Service.csproj", "{F970E079-6CC4-285B-7910-8CDAAE5D6A49}"
EndProject
Project("{FAE04EC0-301F-11D3-BF4B-00C04F79EFBC}") = "BusinessAPI.Domain", "Domain\BusinessAPI.Domain.csproj", "{28466ADF-9EDD-1120-E7B5-FFC6E1504100}"
EndProject
Project("{FAE04EC0-301F-11D3-BF4B-00C04F79EFBC}") = "BusinessAPI.Utils", "Utils\BusinessAPI.Utils.csproj", "{98ACFFA5-8DC5-097C-2EF8-DB5A8BEF50D9}"
EndProject
Project("{FAE04EC0-301F-11D3-BF4B-00C04F79EFBC}") = "BusinessAPI.API", "API\BusinessAPI.API.csproj", "{6EFEEE1E-8E7C-C6AE-1026-AF35046B1EB5}"
EndProject
Project("{2150E333-8FDC-42A3-9474-1A3956D46DE8}") = "Infrastructure", "Infrastructure", "{DFEE68D8-A7D0-1A41-506C-9B74AA9A7B7B}"
EndProject
Project("{FAE04EC0-301F-11D3-BF4B-00C04F79EFBC}") = "BusinessAPI.Infrastructure.Data", "Infrastructure\Data\BusinessAPI.Infrastructure.Data.csproj", "{8B2E7019-B290-FEBE-862B-8F24A1C09DFB}"
EndProject
Global
	GlobalSection(SolutionConfigurationPlatforms) = preSolution
		Debug|Any CPU = Debug|Any CPU
		Release|Any CPU = Release|Any CPU
	EndGlobalSection
	GlobalSection(ProjectConfigurationPlatforms) = postSolution
		{F970E079-6CC4-285B-7910-8CDAAE5D6A49}.Debug|Any CPU.ActiveCfg = Debug|Any CPU
		{F970E079-6CC4-285B-7910-8CDAAE5D6A49}.Debug|Any CPU.Build.0 = Debug|Any CPU
		{F970E079-6CC4-285B-7910-8CDAAE5D6A49}.Release|Any CPU.ActiveCfg = Release|Any CPU
		{F970E079-6CC4-285B-7910-8CDAAE5D6A49}.Release|Any CPU.Build.0 = Release|Any CPU
		{28466ADF-9EDD-1120-E7B5-FFC6E1504100}.Debug|Any CPU.ActiveCfg = Debug|Any CPU
		{28466ADF-9EDD-1120-E7B5-FFC6E1504100}.Debug|Any CPU.Build.0 = Debug|Any CPU
		{28466ADF-9EDD-1120-E7B5-FFC6E1504100}.Release|Any CPU.ActiveCfg = Release|Any CPU
		{28466ADF-9EDD-1120-E7B5-FFC6E1504100}.Release|Any CPU.Build.0 = Release|Any CPU
		{98ACFFA5-8DC5-097C-2EF8-DB5A8BEF50D9}.Debug|Any CPU.ActiveCfg = Debug|Any CPU
		{98ACFFA5-8DC5-097C-2EF8-DB5A8BEF50D9}.Debug|Any CPU.Build.0 = Debug|Any CPU
		{98ACFFA5-8DC5-097C-2EF8-DB5A8BEF50D9}.Release|Any CPU.ActiveCfg = Release|Any CPU
		{98ACFFA5-8DC5-097C-2EF8-DB5A8BEF50D9}.Release|Any CPU.Build.0 = Release|Any CPU
		{6EFEEE1E-8E7C-C6AE-1026-AF35046B1EB5}.Debug|Any CPU.ActiveCfg = Debug|Any CPU
		{6EFEEE1E-8E7C-C6AE-1026-AF35046B1EB5}.Debug|Any CPU.Build.0 = Debug|Any CPU
		{6EFEEE1E-8E7C-C6AE-1026-AF35046B1EB5}.Release|Any CPU.ActiveCfg = Release|Any CPU
		{6EFEEE1E-8E7C-C6AE-1026-AF35046B1EB5}.Release|Any CPU.Build.0 = Release|Any CPU
		{8B2E7019-B290-FEBE-862B-8F24A1C09DFB}.Debug|Any CPU.ActiveCfg = Debug|Any CPU
		{8B2E7019-B290-FEBE-862B-8F24A1C09DFB}.Debug|Any CPU.Build.0 = Debug|Any CPU
		{8B2E7019-B290-FEBE-862B-8F24A1C09DFB}.Release|Any CPU.ActiveCfg = Release|Any CPU
		{8B2E7019-B290-FEBE-862B-8F24A1C09DFB}.Release|Any CPU.Build.0 = Release|Any CPU
	EndGlobalSection
	GlobalSection(SolutionProperties) = preSolution
		HideSolutionNode = FALSE
	EndGlobalSection
	GlobalSection(NestedProjects) = preSolution
		{8B2E7019-B290-FEBE-862B-8F24A1C09DFB} = {DFEE68D8-A7D0-1A41-506C-9B74AA9A7B7B}
	EndGlobalSection
	GlobalSection(ExtensibilityGlobals) = postSolution
		SolutionGuid = {271EB8FE-5C02-4299-9DC8-6B06EC5D21CC}
	EndGlobalSection
EndGlobal
